
Microsoft Visual Studio Solution File, Format Version 12.00
# Visual Studio Version 17
VisualStudioVersion = 17.9.34607.119
MinimumVisualStudioVersion = 10.0.40219.1
Project("{FAE04EC0-301F-11D3-BF4B-00C04F79EFBC}") = "Task4", "Task4.csproj", "{AD2F5AE6-F1C4-4039-83D4-B2A80A39261F}"
EndProject
Global
	GlobalSection(SolutionConfigurationPlatforms) = preSolution
		Debug|Any CPU = Debug|Any CPU
		Release|Any CPU = Release|Any CPU
	EndGlobalSection
	GlobalSection(ProjectConfigurationPlatforms) = postSolution
		{AD2F5AE6-F1C4-4039-83D4-B2A80A39261F}.Debug|Any CPU.ActiveCfg = Debug|Any CPU
		{AD2F5AE6-F1C4-4039-83D4-B2A80A39261F}.Debug|Any CPU.Build.0 = Debug|Any CPU
		{AD2F5AE6-F1C4-4039-83D4-B2A80A39261F}.Release|Any CPU.ActiveCfg = Release|Any CPU
		{AD2F5AE6-F1C4-4039-83D4-B2A80A39261F}.Release|Any CPU.Build.0 = Release|Any CPU
	EndGlobalSection
	GlobalSection(SolutionProperties) = preSolution
		HideSolutionNode = FALSE
	EndGlobalSection
	GlobalSection(ExtensibilityGlobals) = postSolution
		SolutionGuid = {EEC1019C-9869-4605-8902-E8EF2DC4597E}
	EndGlobalSection
EndGlobal
